
Microsoft Visual Studio Solution File, Format Version 12.00
# Visual Studio Version 17
VisualStudioVersion = 17.11.35312.102
MinimumVisualStudioVersion = 10.0.40219.1
Project("{2150E333-8FDC-42A3-9474-1A3956D46DE8}") = "Task0", "Task0", "{8B80408F-B6B5-4E5A-9296-1F6A67A41A05}"
EndProject
Project("{9A19103F-16F7-4668-BE54-9A1E7A4F7556}") = "Tyuiu.MilyutinND.Sprint6.Task0.V7.Lib", "Tyuiu.MilyutinND.Sprint6.Task0.V7.Lib\Tyuiu.MilyutinND.Sprint6.Task0.V7.Lib.csproj", "{15B9C108-03C6-4998-9BA4-E184D23D411D}"
EndProject
Project("{9A19103F-16F7-4668-BE54-9A1E7A4F7556}") = "Tyuiu.MilyutinND.Sprint6.Task0.V7.Test", "Tyuiu.MilyutinND.Sprint6.Task0.V7.Test\Tyuiu.MilyutinND.Sprint6.Task0.V7.Test.csproj", "{6D3C2495-BFAC-41D2-A7FE-FF76D5DC9F95}"
EndProject
Project("{9A19103F-16F7-4668-BE54-9A1E7A4F7556}") = "Tyuiu.MilyutinND.Sprint6.Task0.V7", "Tyuiu.MilyutinND.Sprint6.Task0.V7\Tyuiu.MilyutinND.Sprint6.Task0.V7.csproj", "{1A2B4C9F-6676-460E-AEAC-968251EB8F12}"
EndProject
Project("{2150E333-8FDC-42A3-9474-1A3956D46DE8}") = "Task1", "Task1", "{DEE9FEE9-5368-4EC3-A521-9182CBE7F0B3}"
EndProject
Project("{9A19103F-16F7-4668-BE54-9A1E7A4F7556}") = "Tyuiu.MilyutinND.Sprint6.Task1.V6.Lib", "Tyuiu.MilyutinND.Sprint6.Task1.V6.Lib\Tyuiu.MilyutinND.Sprint6.Task1.V6.Lib.csproj", "{C1F951AA-ABEE-4E4D-9EB3-A2E4653074F0}"
EndProject
Project("{9A19103F-16F7-4668-BE54-9A1E7A4F7556}") = "Tyuiu.MilyutinND.Sprint6.Task1.V6.Test", "Tyuiu.MilyutinND.Sprint6.Task1.V6.Test\Tyuiu.MilyutinND.Sprint6.Task1.V6.Test.csproj", "{2C1E011E-CC4E-4B48-9AD9-7E82317D9D8F}"
EndProject
Project("{9A19103F-16F7-4668-BE54-9A1E7A4F7556}") = "Tyuiu.MilyutinND.Sprint6.Task1.V6", "Tyuiu.MilyutinND.Sprint6.Task1.V6\Tyuiu.MilyutinND.Sprint6.Task1.V6.csproj", "{09FA9495-FAA6-45DE-9317-B7F32F7EAA14}"
EndProject
Project("{2150E333-8FDC-42A3-9474-1A3956D46DE8}") = "Task2", "Task2", "{7CF24E83-D15E-42A2-A611-31CDC55065B7}"
EndProject
Project("{9A19103F-16F7-4668-BE54-9A1E7A4F7556}") = "Tyuiu.MilyutinND.Sprint6.Task2.V1.Lib", "Tyuiu.MilyutinND.Sprint6.Task2.V1.Lib\Tyuiu.MilyutinND.Sprint6.Task2.V1.Lib.csproj", "{0C3DBB29-D779-481E-A48D-52BF56339F8D}"
EndProject
Project("{9A19103F-16F7-4668-BE54-9A1E7A4F7556}") = "Tyuiu.MilyutinND.Sprint6.Task2.V1.Test", "Tyuiu.MilyutinND.Sprint6.Task2.V1.Test\Tyuiu.MilyutinND.Sprint6.Task2.V1.Test.csproj", "{7F421D7A-78D6-411E-8853-E11565348773}"
EndProject
Project("{9A19103F-16F7-4668-BE54-9A1E7A4F7556}") = "Tyuiu.MilyutinND.Sprint6.Task2.V1", "Tyuiu.MilyutinND.Sprint6.Task2.V1\Tyuiu.MilyutinND.Sprint6.Task2.V1.csproj", "{F75E92C3-F805-4AF5-B67B-4E7DFBA82AF6}"
EndProject
Project("{2150E333-8FDC-42A3-9474-1A3956D46DE8}") = "Task3", "Task3", "{69927696-31F2-4424-8429-C68EB007742C}"
EndProject
Project("{9A19103F-16F7-4668-BE54-9A1E7A4F7556}") = "Tyuiu.MilyutinND.Sprint6.Task3.V12.Lib", "Tyuiu.MilyutinND.Sprint6.Task3.V12.Lib\Tyuiu.MilyutinND.Sprint6.Task3.V12.Lib.csproj", "{57458C07-3CAF-4FBE-A678-51205CB77021}"
EndProject
Project("{9A19103F-16F7-4668-BE54-9A1E7A4F7556}") = "Tyuiu.MilyutinND.Sprint6.Task3.V12.Test", "Tyuiu.MilyutinND.Sprint6.Task3.V12.Test\Tyuiu.MilyutinND.Sprint6.Task3.V12.Test.csproj", "{8C44214C-B4FC-4C26-8FD8-ED95B1CD871C}"
EndProject
Project("{9A19103F-16F7-4668-BE54-9A1E7A4F7556}") = "Tyuiu.MilyutinND.Sprint6.Task3.V12", "Tyuiu.MilyutinND.Sprint6.Task3.V12\Tyuiu.MilyutinND.Sprint6.Task3.V12.csproj", "{51B123CB-7281-40E6-B2F9-CFBA02D8CD42}"
EndProject
Project("{2150E333-8FDC-42A3-9474-1A3956D46DE8}") = "Task4", "Task4", "{E769CFA6-9DAE-4FEE-93DB-8C28C76EA2ED}"
EndProject
Project("{9A19103F-16F7-4668-BE54-9A1E7A4F7556}") = "Tyuiu.MilyutinND.Sprint6.Task4.V26.Lib", "Tyuiu.MilyutinND.Sprint6.Task4.V26.Lib\Tyuiu.MilyutinND.Sprint6.Task4.V26.Lib.csproj", "{8EA03B68-B13C-4A1C-AFD5-D3D1853CEED0}"
EndProject
Project("{9A19103F-16F7-4668-BE54-9A1E7A4F7556}") = "Tyuiu.MilyutinND.Sprint6.Task4.V26.Test", "Tyuiu.MilyutinND.Sprint6.Task4.V26.Test\Tyuiu.MilyutinND.Sprint6.Task4.V26.Test.csproj", "{C1F71478-08BE-4A60-9CFA-8174CF74BF0A}"
EndProject
Project("{9A19103F-16F7-4668-BE54-9A1E7A4F7556}") = "Tyuiu.MilyutinND.Sprint6.Task4.V26", "Tyuiu.MilyutinND.Sprint6.Task4.V26\Tyuiu.MilyutinND.Sprint6.Task4.V26.csproj", "{05F97AC1-D223-4E83-A32C-CA7109CD2DF2}"
EndProject
Project("{2150E333-8FDC-42A3-9474-1A3956D46DE8}") = "Task5", "Task5", "{11D7070C-4929-456F-B86A-314B1DFFDF7A}"
EndProject
Project("{9A19103F-16F7-4668-BE54-9A1E7A4F7556}") = "Tyuiu.MilyutinND.Sprint6.Task5.V23.Lib", "Tyuiu.MilyutinND.Sprint6.Task5.V23.Lib\Tyuiu.MilyutinND.Sprint6.Task5.V23.Lib.csproj", "{40FB27CF-9122-4923-AE09-7D497251D49C}"
EndProject
Project("{9A19103F-16F7-4668-BE54-9A1E7A4F7556}") = "Tyuiu.MilyutinND.Sprint6.Task5.V23.Test", "Tyuiu.MilyutinND.Sprint6.Task5.V23.Test\Tyuiu.MilyutinND.Sprint6.Task5.V23.Test.csproj", "{AF8FBA93-FF1A-4153-AB5C-013A2CE1DE47}"
EndProject
Project("{9A19103F-16F7-4668-BE54-9A1E7A4F7556}") = "Tyuiu.MilyutinND.Sprint6.Task5.V23", "Tyuiu.MilyutinND.Sprint6.Task5.V23\Tyuiu.MilyutinND.Sprint6.Task5.V23.csproj", "{2E3FDBFC-9ED9-49A2-BD5A-735824AA1ABA}"
EndProject
Project("{2150E333-8FDC-42A3-9474-1A3956D46DE8}") = "Task6", "Task6", "{C7939A31-8A19-4F3D-8597-2FB91846DF3F}"
EndProject
Project("{9A19103F-16F7-4668-BE54-9A1E7A4F7556}") = "Tyuiu.MilyutinND.Sprint6.Task6.V25.Lib", "Tyuiu.MilyutinND.Sprint6.Task6.V25.Lib\Tyuiu.MilyutinND.Sprint6.Task6.V25.Lib.csproj", "{E53A0F3E-3E5F-4B00-9FC3-8EE4EC455C25}"
EndProject
Project("{9A19103F-16F7-4668-BE54-9A1E7A4F7556}") = "Tyuiu.MilyutinND.Sprint6.Task6.V25.Test", "Tyuiu.MilyutinND.Sprint6.Task6.V25.Test\Tyuiu.MilyutinND.Sprint6.Task6.V25.Test.csproj", "{52E5A4EB-2703-4F3F-B098-A220E593BEE5}"
EndProject
Project("{9A19103F-16F7-4668-BE54-9A1E7A4F7556}") = "Tyuiu.MilyutinND.Sprint6.Task6.V25", "Tyuiu.MilyutinND.Sprint6.Task6.V25\Tyuiu.MilyutinND.Sprint6.Task6.V25.csproj", "{23CBA571-72B9-4D61-9E19-EAF12A85DAFC}"
EndProject
Project("{2150E333-8FDC-42A3-9474-1A3956D46DE8}") = "Task7", "Task7", "{4AFEE4A5-3283-45EA-9526-DC42CF535B50}"
EndProject
Project("{FAE04EC0-301F-11D3-BF4B-00C04F79EFBC}") = "Tyuiu.MilyutinND.Sprint6.Task7.V21.Lib", "Tyuiu.MilyutinND.Sprint6.Task7.V21.Lib\Tyuiu.MilyutinND.Sprint6.Task7.V21.Lib.csproj", "{96C9FDFE-FCFC-4570-A7BA-5826978304C8}"
EndProject
Project("{FAE04EC0-301F-11D3-BF4B-00C04F79EFBC}") = "Tyuiu.MilyutinND.Sprint6.Task7.V21.Test", "Tyuiu.MilyutinND.Sprint6.Task7.V21.Test\Tyuiu.MilyutinND.Sprint6.Task7.V21.Test.csproj", "{8EF1947E-C09F-4637-8724-D53CC9D2DBCA}"
EndProject
Project("{FAE04EC0-301F-11D3-BF4B-00C04F79EFBC}") = "Tyuiu.MilyutinND.Sprint6.Task7.V21", "Tyuiu.MilyutinND.Sprint6.Task7.V21\Tyuiu.MilyutinND.Sprint6.Task7.V21.csproj", "{083DBAB3-55E6-4F60-9E82-9E3B5DD4DBDE}"
EndProject
Global
	GlobalSection(SolutionConfigurationPlatforms) = preSolution
		Debug|Any CPU = Debug|Any CPU
		Release|Any CPU = Release|Any CPU
	EndGlobalSection
	GlobalSection(ProjectConfigurationPlatforms) = postSolution
		{15B9C108-03C6-4998-9BA4-E184D23D411D}.Debug|Any CPU.ActiveCfg = Debug|Any CPU
		{15B9C108-03C6-4998-9BA4-E184D23D411D}.Debug|Any CPU.Build.0 = Debug|Any CPU
		{15B9C108-03C6-4998-9BA4-E184D23D411D}.Release|Any CPU.ActiveCfg = Release|Any CPU
		{15B9C108-03C6-4998-9BA4-E184D23D411D}.Release|Any CPU.Build.0 = Release|Any CPU
		{6D3C2495-BFAC-41D2-A7FE-FF76D5DC9F95}.Debug|Any CPU.ActiveCfg = Debug|Any CPU
		{6D3C2495-BFAC-41D2-A7FE-FF76D5DC9F95}.Debug|Any CPU.Build.0 = Debug|Any CPU
		{6D3C2495-BFAC-41D2-A7FE-FF76D5DC9F95}.Release|Any CPU.ActiveCfg = Release|Any CPU
		{6D3C2495-BFAC-41D2-A7FE-FF76D5DC9F95}.Release|Any CPU.Build.0 = Release|Any CPU
		{1A2B4C9F-6676-460E-AEAC-968251EB8F12}.Debug|Any CPU.ActiveCfg = Debug|Any CPU
		{1A2B4C9F-6676-460E-AEAC-968251EB8F12}.Debug|Any CPU.Build.0 = Debug|Any CPU
		{1A2B4C9F-6676-460E-AEAC-968251EB8F12}.Release|Any CPU.ActiveCfg = Release|Any CPU
		{1A2B4C9F-6676-460E-AEAC-968251EB8F12}.Release|Any CPU.Build.0 = Release|Any CPU
		{C1F951AA-ABEE-4E4D-9EB3-A2E4653074F0}.Debug|Any CPU.ActiveCfg = Debug|Any CPU
		{C1F951AA-ABEE-4E4D-9EB3-A2E4653074F0}.Debug|Any CPU.Build.0 = Debug|Any CPU
		{C1F951AA-ABEE-4E4D-9EB3-A2E4653074F0}.Release|Any CPU.ActiveCfg = Release|Any CPU
		{C1F951AA-ABEE-4E4D-9EB3-A2E4653074F0}.Release|Any CPU.Build.0 = Release|Any CPU
		{2C1E011E-CC4E-4B48-9AD9-7E82317D9D8F}.Debug|Any CPU.ActiveCfg = Debug|Any CPU
		{2C1E011E-CC4E-4B48-9AD9-7E82317D9D8F}.Debug|Any CPU.Build.0 = Debug|Any CPU
		{2C1E011E-CC4E-4B48-9AD9-7E82317D9D8F}.Release|Any CPU.ActiveCfg = Release|Any CPU
		{2C1E011E-CC4E-4B48-9AD9-7E82317D9D8F}.Release|Any CPU.Build.0 = Release|Any CPU
		{09FA9495-FAA6-45DE-9317-B7F32F7EAA14}.Debug|Any CPU.ActiveCfg = Debug|Any CPU
		{09FA9495-FAA6-45DE-9317-B7F32F7EAA14}.Debug|Any CPU.Build.0 = Debug|Any CPU
		{09FA9495-FAA6-45DE-9317-B7F32F7EAA14}.Release|Any CPU.ActiveCfg = Release|Any CPU
		{09FA9495-FAA6-45DE-9317-B7F32F7EAA14}.Release|Any CPU.Build.0 = Release|Any CPU
		{0C3DBB29-D779-481E-A48D-52BF56339F8D}.Debug|Any CPU.ActiveCfg = Debug|Any CPU
		{0C3DBB29-D779-481E-A48D-52BF56339F8D}.Debug|Any CPU.Build.0 = Debug|Any CPU
		{0C3DBB29-D779-481E-A48D-52BF56339F8D}.Release|Any CPU.ActiveCfg = Release|Any CPU
		{0C3DBB29-D779-481E-A48D-52BF56339F8D}.Release|Any CPU.Build.0 = Release|Any CPU
		{7F421D7A-78D6-411E-8853-E11565348773}.Debug|Any CPU.ActiveCfg = Debug|Any CPU
		{7F421D7A-78D6-411E-8853-E11565348773}.Debug|Any CPU.Build.0 = Debug|Any CPU
		{7F421D7A-78D6-411E-8853-E11565348773}.Release|Any CPU.ActiveCfg = Release|Any CPU
		{7F421D7A-78D6-411E-8853-E11565348773}.Release|Any CPU.Build.0 = Release|Any CPU
		{F75E92C3-F805-4AF5-B67B-4E7DFBA82AF6}.Debug|Any CPU.ActiveCfg = Debug|Any CPU
		{F75E92C3-F805-4AF5-B67B-4E7DFBA82AF6}.Debug|Any CPU.Build.0 = Debug|Any CPU
		{F75E92C3-F805-4AF5-B67B-4E7DFBA82AF6}.Release|Any CPU.ActiveCfg = Release|Any CPU
		{F75E92C3-F805-4AF5-B67B-4E7DFBA82AF6}.Release|Any CPU.Build.0 = Release|Any CPU
		{57458C07-3CAF-4FBE-A678-51205CB77021}.Debug|Any CPU.ActiveCfg = Debug|Any CPU
		{57458C07-3CAF-4FBE-A678-51205CB77021}.Debug|Any CPU.Build.0 = Debug|Any CPU
		{57458C07-3CAF-4FBE-A678-51205CB77021}.Release|Any CPU.ActiveCfg = Release|Any CPU
		{57458C07-3CAF-4FBE-A678-51205CB77021}.Release|Any CPU.Build.0 = Release|Any CPU
		{8C44214C-B4FC-4C26-8FD8-ED95B1CD871C}.Debug|Any CPU.ActiveCfg = Debug|Any CPU
		{8C44214C-B4FC-4C26-8FD8-ED95B1CD871C}.Debug|Any CPU.Build.0 = Debug|Any CPU
		{8C44214C-B4FC-4C26-8FD8-ED95B1CD871C}.Release|Any CPU.ActiveCfg = Release|Any CPU
		{8C44214C-B4FC-4C26-8FD8-ED95B1CD871C}.Release|Any CPU.Build.0 = Release|Any CPU
		{51B123CB-7281-40E6-B2F9-CFBA02D8CD42}.Debug|Any CPU.ActiveCfg = Debug|Any CPU
		{51B123CB-7281-40E6-B2F9-CFBA02D8CD42}.Debug|Any CPU.Build.0 = Debug|Any CPU
		{51B123CB-7281-40E6-B2F9-CFBA02D8CD42}.Release|Any CPU.ActiveCfg = Release|Any CPU
		{51B123CB-7281-40E6-B2F9-CFBA02D8CD42}.Release|Any CPU.Build.0 = Release|Any CPU
		{8EA03B68-B13C-4A1C-AFD5-D3D1853CEED0}.Debug|Any CPU.ActiveCfg = Debug|Any CPU
		{8EA03B68-B13C-4A1C-AFD5-D3D1853CEED0}.Debug|Any CPU.Build.0 = Debug|Any CPU
		{8EA03B68-B13C-4A1C-AFD5-D3D1853CEED0}.Release|Any CPU.ActiveCfg = Release|Any CPU
		{8EA03B68-B13C-4A1C-AFD5-D3D1853CEED0}.Release|Any CPU.Build.0 = Release|Any CPU
		{C1F71478-08BE-4A60-9CFA-8174CF74BF0A}.Debug|Any CPU.ActiveCfg = Debug|Any CPU
		{C1F71478-08BE-4A60-9CFA-8174CF74BF0A}.Debug|Any CPU.Build.0 = Debug|Any CPU
		{C1F71478-08BE-4A60-9CFA-8174CF74BF0A}.Release|Any CPU.ActiveCfg = Release|Any CPU
		{C1F71478-08BE-4A60-9CFA-8174CF74BF0A}.Release|Any CPU.Build.0 = Release|Any CPU
		{05F97AC1-D223-4E83-A32C-CA7109CD2DF2}.Debug|Any CPU.ActiveCfg = Debug|Any CPU
		{05F97AC1-D223-4E83-A32C-CA7109CD2DF2}.Debug|Any CPU.Build.0 = Debug|Any CPU
		{05F97AC1-D223-4E83-A32C-CA7109CD2DF2}.Release|Any CPU.ActiveCfg = Release|Any CPU
		{05F97AC1-D223-4E83-A32C-CA7109CD2DF2}.Release|Any CPU.Build.0 = Release|Any CPU
		{40FB27CF-9122-4923-AE09-7D497251D49C}.Debug|Any CPU.ActiveCfg = Debug|Any CPU
		{40FB27CF-9122-4923-AE09-7D497251D49C}.Debug|Any CPU.Build.0 = Debug|Any CPU
		{40FB27CF-9122-4923-AE09-7D497251D49C}.Release|Any CPU.ActiveCfg = Release|Any CPU
		{40FB27CF-9122-4923-AE09-7D497251D49C}.Release|Any CPU.Build.0 = Release|Any CPU
		{AF8FBA93-FF1A-4153-AB5C-013A2CE1DE47}.Debug|Any CPU.ActiveCfg = Debug|Any CPU
		{AF8FBA93-FF1A-4153-AB5C-013A2CE1DE47}.Debug|Any CPU.Build.0 = Debug|Any CPU
		{AF8FBA93-FF1A-4153-AB5C-013A2CE1DE47}.Release|Any CPU.ActiveCfg = Release|Any CPU
		{AF8FBA93-FF1A-4153-AB5C-013A2CE1DE47}.Release|Any CPU.Build.0 = Release|Any CPU
		{2E3FDBFC-9ED9-49A2-BD5A-735824AA1ABA}.Debug|Any CPU.ActiveCfg = Debug|Any CPU
		{2E3FDBFC-9ED9-49A2-BD5A-735824AA1ABA}.Debug|Any CPU.Build.0 = Debug|Any CPU
		{2E3FDBFC-9ED9-49A2-BD5A-735824AA1ABA}.Release|Any CPU.ActiveCfg = Release|Any CPU
		{2E3FDBFC-9ED9-49A2-BD5A-735824AA1ABA}.Release|Any CPU.Build.0 = Release|Any CPU
		{E53A0F3E-3E5F-4B00-9FC3-8EE4EC455C25}.Debug|Any CPU.ActiveCfg = Debug|Any CPU
		{E53A0F3E-3E5F-4B00-9FC3-8EE4EC455C25}.Debug|Any CPU.Build.0 = Debug|Any CPU
		{E53A0F3E-3E5F-4B00-9FC3-8EE4EC455C25}.Release|Any CPU.ActiveCfg = Release|Any CPU
		{E53A0F3E-3E5F-4B00-9FC3-8EE4EC455C25}.Release|Any CPU.Build.0 = Release|Any CPU
		{52E5A4EB-2703-4F3F-B098-A220E593BEE5}.Debug|Any CPU.ActiveCfg = Debug|Any CPU
		{52E5A4EB-2703-4F3F-B098-A220E593BEE5}.Debug|Any CPU.Build.0 = Debug|Any CPU
		{52E5A4EB-2703-4F3F-B098-A220E593BEE5}.Release|Any CPU.ActiveCfg = Release|Any CPU
		{52E5A4EB-2703-4F3F-B098-A220E593BEE5}.Release|Any CPU.Build.0 = Release|Any CPU
		{23CBA571-72B9-4D61-9E19-EAF12A85DAFC}.Debug|Any CPU.ActiveCfg = Debug|Any CPU
		{23CBA571-72B9-4D61-9E19-EAF12A85DAFC}.Debug|Any CPU.Build.0 = Debug|Any CPU
		{23CBA571-72B9-4D61-9E19-EAF12A85DAFC}.Release|Any CPU.ActiveCfg = Release|Any CPU
		{23CBA571-72B9-4D61-9E19-EAF12A85DAFC}.Release|Any CPU.Build.0 = Release|Any CPU
		{96C9FDFE-FCFC-4570-A7BA-5826978304C8}.Debug|Any CPU.ActiveCfg = Debug|Any CPU
		{96C9FDFE-FCFC-4570-A7BA-5826978304C8}.Debug|Any CPU.Build.0 = Debug|Any CPU
		{96C9FDFE-FCFC-4570-A7BA-5826978304C8}.Release|Any CPU.ActiveCfg = Release|Any CPU
		{96C9FDFE-FCFC-4570-A7BA-5826978304C8}.Release|Any CPU.Build.0 = Release|Any CPU
		{8EF1947E-C09F-4637-8724-D53CC9D2DBCA}.Debug|Any CPU.ActiveCfg = Debug|Any CPU
		{8EF1947E-C09F-4637-8724-D53CC9D2DBCA}.Debug|Any CPU.Build.0 = Debug|Any CPU
		{8EF1947E-C09F-4637-8724-D53CC9D2DBCA}.Release|Any CPU.ActiveCfg = Release|Any CPU
		{8EF1947E-C09F-4637-8724-D53CC9D2DBCA}.Release|Any CPU.Build.0 = Release|Any CPU
		{083DBAB3-55E6-4F60-9E82-9E3B5DD4DBDE}.Debug|Any CPU.ActiveCfg = Debug|Any CPU
		{083DBAB3-55E6-4F60-9E82-9E3B5DD4DBDE}.Debug|Any CPU.Build.0 = Debug|Any CPU
		{083DBAB3-55E6-4F60-9E82-9E3B5DD4DBDE}.Release|Any CPU.ActiveCfg = Release|Any CPU
		{083DBAB3-55E6-4F60-9E82-9E3B5DD4DBDE}.Release|Any CPU.Build.0 = Release|Any CPU
	EndGlobalSection
	GlobalSection(SolutionProperties) = preSolution
		HideSolutionNode = FALSE
	EndGlobalSection
	GlobalSection(NestedProjects) = preSolution
		{15B9C108-03C6-4998-9BA4-E184D23D411D} = {8B80408F-B6B5-4E5A-9296-1F6A67A41A05}
		{6D3C2495-BFAC-41D2-A7FE-FF76D5DC9F95} = {8B80408F-B6B5-4E5A-9296-1F6A67A41A05}
		{1A2B4C9F-6676-460E-AEAC-968251EB8F12} = {8B80408F-B6B5-4E5A-9296-1F6A67A41A05}
		{C1F951AA-ABEE-4E4D-9EB3-A2E4653074F0} = {DEE9FEE9-5368-4EC3-A521-9182CBE7F0B3}
		{2C1E011E-CC4E-4B48-9AD9-7E82317D9D8F} = {DEE9FEE9-5368-4EC3-A521-9182CBE7F0B3}
		{09FA9495-FAA6-45DE-9317-B7F32F7EAA14} = {DEE9FEE9-5368-4EC3-A521-9182CBE7F0B3}
		{0C3DBB29-D779-481E-A48D-52BF56339F8D} = {7CF24E83-D15E-42A2-A611-31CDC55065B7}
		{7F421D7A-78D6-411E-8853-E11565348773} = {7CF24E83-D15E-42A2-A611-31CDC55065B7}
		{F75E92C3-F805-4AF5-B67B-4E7DFBA82AF6} = {7CF24E83-D15E-42A2-A611-31CDC55065B7}
		{57458C07-3CAF-4FBE-A678-51205CB77021} = {69927696-31F2-4424-8429-C68EB007742C}
		{8C44214C-B4FC-4C26-8FD8-ED95B1CD871C} = {69927696-31F2-4424-8429-C68EB007742C}
		{51B123CB-7281-40E6-B2F9-CFBA02D8CD42} = {69927696-31F2-4424-8429-C68EB007742C}
		{8EA03B68-B13C-4A1C-AFD5-D3D1853CEED0} = {E769CFA6-9DAE-4FEE-93DB-8C28C76EA2ED}
		{C1F71478-08BE-4A60-9CFA-8174CF74BF0A} = {E769CFA6-9DAE-4FEE-93DB-8C28C76EA2ED}
		{05F97AC1-D223-4E83-A32C-CA7109CD2DF2} = {E769CFA6-9DAE-4FEE-93DB-8C28C76EA2ED}
		{40FB27CF-9122-4923-AE09-7D497251D49C} = {11D7070C-4929-456F-B86A-314B1DFFDF7A}
		{AF8FBA93-FF1A-4153-AB5C-013A2CE1DE47} = {11D7070C-4929-456F-B86A-314B1DFFDF7A}
		{2E3FDBFC-9ED9-49A2-BD5A-735824AA1ABA} = {11D7070C-4929-456F-B86A-314B1DFFDF7A}
		{E53A0F3E-3E5F-4B00-9FC3-8EE4EC455C25} = {C7939A31-8A19-4F3D-8597-2FB91846DF3F}
		{52E5A4EB-2703-4F3F-B098-A220E593BEE5} = {C7939A31-8A19-4F3D-8597-2FB91846DF3F}
		{23CBA571-72B9-4D61-9E19-EAF12A85DAFC} = {C7939A31-8A19-4F3D-8597-2FB91846DF3F}
		{96C9FDFE-FCFC-4570-A7BA-5826978304C8} = {4AFEE4A5-3283-45EA-9526-DC42CF535B50}
		{8EF1947E-C09F-4637-8724-D53CC9D2DBCA} = {4AFEE4A5-3283-45EA-9526-DC42CF535B50}
		{083DBAB3-55E6-4F60-9E82-9E3B5DD4DBDE} = {4AFEE4A5-3283-45EA-9526-DC42CF535B50}
	EndGlobalSection
	GlobalSection(ExtensibilityGlobals) = postSolution
		SolutionGuid = {88775607-2260-4B3B-9B55-F449EAA49AC0}
	EndGlobalSection
EndGlobal
